
Microsoft Visual Studio Solution File, Format Version 12.00
# Visual Studio Version 17
VisualStudioVersion = 17.1.32407.343
MinimumVisualStudioVersion = 10.0.40219.1
Project("{FAE04EC0-301F-11D3-BF4B-00C04F79EFBC}") = "StargatesMod", "StargatesMod.csproj", "{C950BFA4-5CD1-468F-BAC0-C1747D53B060}"
EndProject
Global
	GlobalSection(SolutionConfigurationPlatforms) = preSolution
		Debug|Any CPU = Debug|Any CPU
		Release|Any CPU = Release|Any CPU
	EndGlobalSection
	GlobalSection(ProjectConfigurationPlatforms) = postSolution
		{C950BFA4-5CD1-468F-BAC0-C1747D53B060}.Debug|Any CPU.ActiveCfg = Debug|Any CPU
		{C950BFA4-5CD1-468F-BAC0-C1747D53B060}.Debug|Any CPU.Build.0 = Debug|Any CPU
		{C950BFA4-5CD1-468F-BAC0-C1747D53B060}.Release|Any CPU.ActiveCfg = Release|Any CPU
		{C950BFA4-5CD1-468F-BAC0-C1747D53B060}.Release|Any CPU.Build.0 = Release|Any CPU
	EndGlobalSection
	GlobalSection(SolutionProperties) = preSolution
		HideSolutionNode = FALSE
	EndGlobalSection
	GlobalSection(ExtensibilityGlobals) = postSolution
		SolutionGuid = {32DC9B4A-43BD-47CB-86FC-BCC8F8D32AE2}
	EndGlobalSection
EndGlobal
